
Microsoft Visual Studio Solution File, Format Version 12.00
# Visual Studio Express 14 for Windows Desktop
VisualStudioVersion = 14.0.23107.0
MinimumVisualStudioVersion = 10.0.40219.1
Project("{F184B08F-C81C-45F6-A57F-5ABD9991F28F}") = "Draft", "Draft\Draft.vbproj", "{547D0B94-E590-49F2-A063-FEA3005EE50B}"
EndProject
Global
	GlobalSection(SolutionConfigurationPlatforms) = preSolution
		Debug|Any CPU = Debug|Any CPU
		Release|Any CPU = Release|Any CPU
	EndGlobalSection
	GlobalSection(ProjectConfigurationPlatforms) = postSolution
		{547D0B94-E590-49F2-A063-FEA3005EE50B}.Debug|Any CPU.ActiveCfg = Debug|Any CPU
		{547D0B94-E590-49F2-A063-FEA3005EE50B}.Debug|Any CPU.Build.0 = Debug|Any CPU
		{547D0B94-E590-49F2-A063-FEA3005EE50B}.Release|Any CPU.ActiveCfg = Release|Any CPU
		{547D0B94-E590-49F2-A063-FEA3005EE50B}.Release|Any CPU.Build.0 = Release|Any CPU
	EndGlobalSection
	GlobalSection(SolutionProperties) = preSolution
		HideSolutionNode = FALSE
	EndGlobalSection
EndGlobal
